// !$*UTF8*$!
{
	archiveVersion = 1;
	classes = {
	};
	objectVersion = 60;
	objects = {

/* Begin PBXBuildFile section */
		5BFC1CC52BD9DA43004BF31C /* dynamic.json in Resources */ = {isa = PBXBuildFile; fileRef = 5BFC1CC42BD9DA43004BF31C /* dynamic.json */; };
		5C0DC3712BD9C7B20077FCC7 /* CraftDSampleApp.swift in Sources */ = {isa = PBXBuildFile; fileRef = 5C0DC3702BD9C7B20077FCC7 /* CraftDSampleApp.swift */; };
		5C0DC3752BD9C7B50077FCC7 /* Assets.xcassets in Resources */ = {isa = PBXBuildFile; fileRef = 5C0DC3742BD9C7B50077FCC7 /* Assets.xcassets */; };
		5C0DC3782BD9C7B50077FCC7 /* Preview Assets.xcassets in Resources */ = {isa = PBXBuildFile; fileRef = 5C0DC3772BD9C7B50077FCC7 /* Preview Assets.xcassets */; };
		A7C099252BE1C353006988A3 /* CraftDSwiftUI in Frameworks */ = {isa = PBXBuildFile; productRef = A7C099242BE1C353006988A3 /* CraftDSwiftUI */; };
/* End PBXBuildFile section */

/* Begin PBXFileReference section */
		5BFC1CC42BD9DA43004BF31C /* dynamic.json */ = {isa = PBXFileReference; lastKnownFileType = text.json; path = dynamic.json; sourceTree = "<group>"; };
		5C0DC36D2BD9C7B20077FCC7 /* CraftDSample.app */ = {isa = PBXFileReference; explicitFileType = wrapper.application; includeInIndex = 0; path = CraftDSample.app; sourceTree = BUILT_PRODUCTS_DIR; };
		5C0DC3702BD9C7B20077FCC7 /* CraftDSampleApp.swift */ = {isa = PBXFileReference; lastKnownFileType = sourcecode.swift; path = CraftDSampleApp.swift; sourceTree = "<group>"; };
		5C0DC3742BD9C7B50077FCC7 /* Assets.xcassets */ = {isa = PBXFileReference; lastKnownFileType = folder.assetcatalog; path = Assets.xcassets; sourceTree = "<group>"; };
		5C0DC3772BD9C7B50077FCC7 /* Preview Assets.xcassets */ = {isa = PBXFileReference; lastKnownFileType = folder.assetcatalog; path = "Preview Assets.xcassets"; sourceTree = "<group>"; };
/* End PBXFileReference section */

/* Begin PBXFrameworksBuildPhase section */
		5C0DC36A2BD9C7B20077FCC7 /* Frameworks */ = {
			isa = PBXFrameworksBuildPhase;
			buildActionMask = 2147483647;
			files = (
				A7C099252BE1C353006988A3 /* CraftDSwiftUI in Frameworks */,
			);
			runOnlyForDeploymentPostprocessing = 0;
		};
/* End PBXFrameworksBuildPhase section */

/* Begin PBXGroup section */
		5C0DC3642BD9C7B20077FCC7 = {
			isa = PBXGroup;
			children = (
				5C0DC36F2BD9C7B20077FCC7 /* CraftDSample */,
				5C0DC36E2BD9C7B20077FCC7 /* Products */,
				A7C099212BE1C30C006988A3 /* Frameworks */,
			);
			sourceTree = "<group>";
		};
		5C0DC36E2BD9C7B20077FCC7 /* Products */ = {
			isa = PBXGroup;
			children = (
				5C0DC36D2BD9C7B20077FCC7 /* CraftDSample.app */,
			);
			name = Products;
			sourceTree = "<group>";
		};
		5C0DC36F2BD9C7B20077FCC7 /* CraftDSample */ = {
			isa = PBXGroup;
			children = (
				5C0DC3702BD9C7B20077FCC7 /* CraftDSampleApp.swift */,
				5C0DC3742BD9C7B50077FCC7 /* Assets.xcassets */,
				5C0DC3762BD9C7B50077FCC7 /* Preview Content */,
				5BFC1CC42BD9DA43004BF31C /* dynamic.json */,
			);
			path = CraftDSample;
			sourceTree = "<group>";
		};
		5C0DC3762BD9C7B50077FCC7 /* Preview Content */ = {
			isa = PBXGroup;
			children = (
				5C0DC3772BD9C7B50077FCC7 /* Preview Assets.xcassets */,
			);
			path = "Preview Content";
			sourceTree = "<group>";
		};
		A7C099212BE1C30C006988A3 /* Frameworks */ = {
			isa = PBXGroup;
			children = (
			);
			name = Frameworks;
			sourceTree = "<group>";
		};
/* End PBXGroup section */

/* Begin PBXNativeTarget section */
		5C0DC36C2BD9C7B20077FCC7 /* CraftDSample */ = {
			isa = PBXNativeTarget;
			buildConfigurationList = 5C0DC37B2BD9C7B50077FCC7 /* Build configuration list for PBXNativeTarget "CraftDSample" */;
			buildPhases = (
				5C0DC3692BD9C7B20077FCC7 /* Sources */,
				5C0DC36A2BD9C7B20077FCC7 /* Frameworks */,
				5C0DC36B2BD9C7B20077FCC7 /* Resources */,
			);
			buildRules = (
			);
			dependencies = (
			);
			name = CraftDSample;
			packageProductDependencies = (
				A7C099242BE1C353006988A3 /* CraftDSwiftUI */,
			);
			productName = CraftDSample;
			productReference = 5C0DC36D2BD9C7B20077FCC7 /* CraftDSample.app */;
			productType = "com.apple.product-type.application";
		};
/* End PBXNativeTarget section */

/* Begin PBXProject section */
		5C0DC3652BD9C7B20077FCC7 /* Project object */ = {
			isa = PBXProject;
			attributes = {
				BuildIndependentTargetsInParallel = 1;
				LastSwiftUpdateCheck = 1520;
				LastUpgradeCheck = 1520;
				TargetAttributes = {
					5C0DC36C2BD9C7B20077FCC7 = {
						CreatedOnToolsVersion = 15.2;
					};
				};
			};
			buildConfigurationList = 5C0DC3682BD9C7B20077FCC7 /* Build configuration list for PBXProject "CraftDSample" */;
			compatibilityVersion = "Xcode 14.0";
			developmentRegion = en;
			hasScannedForEncodings = 0;
			knownRegions = (
				en,
				Base,
			);
			mainGroup = 5C0DC3642BD9C7B20077FCC7;
			packageReferences = (
				5BFC1CC12BD9CBD9004BF31C /* XCLocalSwiftPackageReference "../craftd-swiftui" */,
			);
			productRefGroup = 5C0DC36E2BD9C7B20077FCC7 /* Products */;
			projectDirPath = "";
			projectRoot = "";
			targets = (
				5C0DC36C2BD9C7B20077FCC7 /* CraftDSample */,
			);
		};
/* End PBXProject section */

/* Begin PBXResourcesBuildPhase section */
		5C0DC36B2BD9C7B20077FCC7 /* Resources */ = {
			isa = PBXResourcesBuildPhase;
			buildActionMask = 2147483647;
			files = (
				5BFC1CC52BD9DA43004BF31C /* dynamic.json in Resources */,
				5C0DC3782BD9C7B50077FCC7 /* Preview Assets.xcassets in Resources */,
				5C0DC3752BD9C7B50077FCC7 /* Assets.xcassets in Resources */,
			);
			runOnlyForDeploymentPostprocessing = 0;
		};
/* End PBXResourcesBuildPhase section */

/* Begin PBXSourcesBuildPhase section */
		5C0DC3692BD9C7B20077FCC7 /* Sources */ = {
			isa = PBXSourcesBuildPhase;
			buildActionMask = 2147483647;
			files = (
				5C0DC3712BD9C7B20077FCC7 /* CraftDSampleApp.swift in Sources */,
			);
			runOnlyForDeploymentPostprocessing = 0;
		};
/* End PBXSourcesBuildPhase section */

/* Begin XCBuildConfiguration section */
		5C0DC3792BD9C7B50077FCC7 /* Debug */ = {
			isa = XCBuildConfiguration;
			buildSettings = {
				ALWAYS_SEARCH_USER_PATHS = NO;
				ASSETCATALOG_COMPILER_GENERATE_SWIFT_ASSET_SYMBOL_EXTENSIONS = YES;
				CLANG_ANALYZER_NONNULL = YES;
				CLANG_ANALYZER_NUMBER_OBJECT_CONVERSION = YES_AGGRESSIVE;
				CLANG_CXX_LANGUAGE_STANDARD = "gnu++20";
				CLANG_ENABLE_MODULES = YES;
				CLANG_ENABLE_OBJC_ARC = YES;
				CLANG_ENABLE_OBJC_WEAK = YES;
				CLANG_WARN_BLOCK_CAPTURE_AUTORELEASING = YES;
				CLANG_WARN_BOOL_CONVERSION = YES;
				CLANG_WARN_COMMA = YES;
				CLANG_WARN_CONSTANT_CONVERSION = YES;
				CLANG_WARN_DEPRECATED_OBJC_IMPLEMENTATIONS = YES;
				CLANG_WARN_DIRECT_OBJC_ISA_USAGE = YES_ERROR;
				CLANG_WARN_DOCUMENTATION_COMMENTS = YES;
				CLANG_WARN_EMPTY_BODY = YES;
				CLANG_WARN_ENUM_CONVERSION = YES;
				CLANG_WARN_INFINITE_RECURSION = YES;
				CLANG_WARN_INT_CONVERSION = YES;
				CLANG_WARN_NON_LITERAL_NULL_CONVERSION = YES;
				CLANG_WARN_OBJC_IMPLICIT_RETAIN_SELF = YES;
				CLANG_WARN_OBJC_LITERAL_CONVERSION = YES;
				CLANG_WARN_OBJC_ROOT_CLASS = YES_ERROR;
				CLANG_WARN_QUOTED_INCLUDE_IN_FRAMEWORK_HEADER = YES;
				CLANG_WARN_RANGE_LOOP_ANALYSIS = YES;
				CLANG_WARN_STRICT_PROTOTYPES = YES;
				CLANG_WARN_SUSPICIOUS_MOVE = YES;
				CLANG_WARN_UNGUARDED_AVAILABILITY = YES_AGGRESSIVE;
				CLANG_WARN_UNREACHABLE_CODE = YES;
				CLANG_WARN__DUPLICATE_METHOD_MATCH = YES;
				COPY_PHASE_STRIP = NO;
				DEBUG_INFORMATION_FORMAT = dwarf;
				ENABLE_STRICT_OBJC_MSGSEND = YES;
				ENABLE_TESTABILITY = YES;
				ENABLE_USER_SCRIPT_SANDBOXING = YES;
				GCC_C_LANGUAGE_STANDARD = gnu17;
				GCC_DYNAMIC_NO_PIC = NO;
				GCC_NO_COMMON_BLOCKS = YES;
				GCC_OPTIMIZATION_LEVEL = 0;
				GCC_PREPROCESSOR_DEFINITIONS = (
					"DEBUG=1",
					"$(inherited)",
				);
				GCC_WARN_64_TO_32_BIT_CONVERSION = YES;
				GCC_WARN_ABOUT_RETURN_TYPE = YES_ERROR;
				GCC_WARN_UNDECLARED_SELECTOR = YES;
				GCC_WARN_UNINITIALIZED_AUTOS = YES_AGGRESSIVE;
				GCC_WARN_UNUSED_FUNCTION = YES;
				GCC_WARN_UNUSED_VARIABLE = YES;
				IPHONEOS_DEPLOYMENT_TARGET = 17.2;
				LOCALIZATION_PREFERS_STRING_CATALOGS = YES;
				MTL_ENABLE_DEBUG_INFO = INCLUDE_SOURCE;
				MTL_FAST_MATH = YES;
				ONLY_ACTIVE_ARCH = YES;
				SDKROOT = iphoneos;
				SWIFT_ACTIVE_COMPILATION_CONDITIONS = "DEBUG $(inherited)";
				SWIFT_OPTIMIZATION_LEVEL = "-Onone";
			};
			name = Debug;
		};
		5C0DC37A2BD9C7B50077FCC7 /* Release */ = {
			isa = XCBuildConfiguration;
			buildSettings = {
				ALWAYS_SEARCH_USER_PATHS = NO;
				ASSETCATALOG_COMPILER_GENERATE_SWIFT_ASSET_SYMBOL_EXTENSIONS = YES;
				CLANG_ANALYZER_NONNULL = YES;
				CLANG_ANALYZER_NUMBER_OBJECT_CONVERSION = YES_AGGRESSIVE;
				CLANG_CXX_LANGUAGE_STANDARD = "gnu++20";
				CLANG_ENABLE_MODULES = YES;
				CLANG_ENABLE_OBJC_ARC = YES;
				CLANG_ENABLE_OBJC_WEAK = YES;
				CLANG_WARN_BLOCK_CAPTURE_AUTORELEASING = YES;
				CLANG_WARN_BOOL_CONVERSION = YES;
				CLANG_WARN_COMMA = YES;
				CLANG_WARN_CONSTANT_CONVERSION = YES;
				CLANG_WARN_DEPRECATED_OBJC_IMPLEMENTATIONS = YES;
				CLANG_WARN_DIRECT_OBJC_ISA_USAGE = YES_ERROR;
				CLANG_WARN_DOCUMENTATION_COMMENTS = YES;
				CLANG_WARN_EMPTY_BODY = YES;
				CLANG_WARN_ENUM_CONVERSION = YES;
				CLANG_WARN_INFINITE_RECURSION = YES;
				CLANG_WARN_INT_CONVERSION = YES;
				CLANG_WARN_NON_LITERAL_NULL_CONVERSION = YES;
				CLANG_WARN_OBJC_IMPLICIT_RETAIN_SELF = YES;
				CLANG_WARN_OBJC_LITERAL_CONVERSION = YES;
				CLANG_WARN_OBJC_ROOT_CLASS = YES_ERROR;
				CLANG_WARN_QUOTED_INCLUDE_IN_FRAMEWORK_HEADER = YES;
				CLANG_WARN_RANGE_LOOP_ANALYSIS = YES;
				CLANG_WARN_STRICT_PROTOTYPES = YES;
				CLANG_WARN_SUSPICIOUS_MOVE = YES;
				CLANG_WARN_UNGUARDED_AVAILABILITY = YES_AGGRESSIVE;
				CLANG_WARN_UNREACHABLE_CODE = YES;
				CLANG_WARN__DUPLICATE_METHOD_MATCH = YES;
				COPY_PHASE_STRIP = NO;
				DEBUG_INFORMATION_FORMAT = "dwarf-with-dsym";
				ENABLE_NS_ASSERTIONS = NO;
				ENABLE_STRICT_OBJC_MSGSEND = YES;
				ENABLE_USER_SCRIPT_SANDBOXING = YES;
				GCC_C_LANGUAGE_STANDARD = gnu17;
				GCC_NO_COMMON_BLOCKS = YES;
				GCC_WARN_64_TO_32_BIT_CONVERSION = YES;
				GCC_WARN_ABOUT_RETURN_TYPE = YES_ERROR;
				GCC_WARN_UNDECLARED_SELECTOR = YES;
				GCC_WARN_UNINITIALIZED_AUTOS = YES_AGGRESSIVE;
				GCC_WARN_UNUSED_FUNCTION = YES;
				GCC_WARN_UNUSED_VARIABLE = YES;
				IPHONEOS_DEPLOYMENT_TARGET = 17.2;
				LOCALIZATION_PREFERS_STRING_CATALOGS = YES;
				MTL_ENABLE_DEBUG_INFO = NO;
				MTL_FAST_MATH = YES;
				SDKROOT = iphoneos;
				SWIFT_COMPILATION_MODE = wholemodule;
				VALIDATE_PRODUCT = YES;
			};
			name = Release;
		};
		5C0DC37C2BD9C7B50077FCC7 /* Debug */ = {
			isa = XCBuildConfiguration;
			buildSettings = {
				ASSETCATALOG_COMPILER_APPICON_NAME = AppIcon;
				ASSETCATALOG_COMPILER_GLOBAL_ACCENT_COLOR_NAME = AccentColor;
				CODE_SIGN_STYLE = Automatic;
				CURRENT_PROJECT_VERSION = 1;
				DEVELOPMENT_ASSET_PATHS = "\"CraftDSample/Preview Content\"";
				DEVELOPMENT_TEAM = GX3ZT26ZRR;
				ENABLE_PREVIEWS = YES;
				GENERATE_INFOPLIST_FILE = YES;
				INFOPLIST_KEY_UIApplicationSceneManifest_Generation = YES;
				INFOPLIST_KEY_UIApplicationSupportsIndirectInputEvents = YES;
				INFOPLIST_KEY_UILaunchScreen_Generation = YES;
				INFOPLIST_KEY_UISupportedInterfaceOrientations_iPad = "UIInterfaceOrientationPortrait UIInterfaceOrientationPortraitUpsideDown UIInterfaceOrientationLandscapeLeft UIInterfaceOrientationLandscapeRight";
				INFOPLIST_KEY_UISupportedInterfaceOrientations_iPhone = "UIInterfaceOrientationPortrait UIInterfaceOrientationLandscapeLeft UIInterfaceOrientationLandscapeRight";
				LD_RUNPATH_SEARCH_PATHS = (
					"$(inherited)",
					"@executable_path/Frameworks",
				);
				MARKETING_VERSION = 1.0;
				PRODUCT_BUNDLE_IDENTIFIER = victorpereiradepaula.CraftDSample;
				PRODUCT_NAME = "$(TARGET_NAME)";
				SWIFT_EMIT_LOC_STRINGS = YES;
				SWIFT_VERSION = 5.0;
				TARGETED_DEVICE_FAMILY = "1,2";
			};
			name = Debug;
		};
		5C0DC37D2BD9C7B50077FCC7 /* Release */ = {
			isa = XCBuildConfiguration;
			buildSettings = {
				ASSETCATALOG_COMPILER_APPICON_NAME = AppIcon;
				ASSETCATALOG_COMPILER_GLOBAL_ACCENT_COLOR_NAME = AccentColor;
				CODE_SIGN_STYLE = Automatic;
				CURRENT_PROJECT_VERSION = 1;
				DEVELOPMENT_ASSET_PATHS = "\"CraftDSample/Preview Content\"";
				DEVELOPMENT_TEAM = GX3ZT26ZRR;
				ENABLE_PREVIEWS = YES;
				GENERATE_INFOPLIST_FILE = YES;
				INFOPLIST_KEY_UIApplicationSceneManifest_Generation = YES;
				INFOPLIST_KEY_UIApplicationSupportsIndirectInputEvents = YES;
				INFOPLIST_KEY_UILaunchScreen_Generation = YES;
				INFOPLIST_KEY_UISupportedInterfaceOrientations_iPad = "UIInterfaceOrientationPortrait UIInterfaceOrientationPortraitUpsideDown UIInterfaceOrientationLandscapeLeft UIInterfaceOrientationLandscapeRight";
				INFOPLIST_KEY_UISupportedInterfaceOrientations_iPhone = "UIInterfaceOrientationPortrait UIInterfaceOrientationLandscapeLeft UIInterfaceOrientationLandscapeRight";
				LD_RUNPATH_SEARCH_PATHS = (
					"$(inherited)",
					"@executable_path/Frameworks",
				);
				MARKETING_VERSION = 1.0;
				PRODUCT_BUNDLE_IDENTIFIER = victorpereiradepaula.CraftDSample;
				PRODUCT_NAME = "$(TARGET_NAME)";
				SWIFT_EMIT_LOC_STRINGS = YES;
				SWIFT_VERSION = 5.0;
				TARGETED_DEVICE_FAMILY = "1,2";
			};
			name = Release;
		};
/* End XCBuildConfiguration section */

/* Begin XCConfigurationList section */
		5C0DC3682BD9C7B20077FCC7 /* Build configuration list for PBXProject "CraftDSample" */ = {
			isa = XCConfigurationList;
			buildConfigurations = (
				5C0DC3792BD9C7B50077FCC7 /* Debug */,
				5C0DC37A2BD9C7B50077FCC7 /* Release */,
			);
			defaultConfigurationIsVisible = 0;
			defaultConfigurationName = Release;
		};
		5C0DC37B2BD9C7B50077FCC7 /* Build configuration list for PBXNativeTarget "CraftDSample" */ = {
			isa = XCConfigurationList;
			buildConfigurations = (
				5C0DC37C2BD9C7B50077FCC7 /* Debug */,
				5C0DC37D2BD9C7B50077FCC7 /* Release */,
			);
			defaultConfigurationIsVisible = 0;
			defaultConfigurationName = Release;
		};
/* End XCConfigurationList section */

/* Begin XCLocalSwiftPackageReference section */
		5BFC1CC12BD9CBD9004BF31C /* XCLocalSwiftPackageReference "../craftd-swiftui" */ = {
			isa = XCLocalSwiftPackageReference;
			relativePath = "../craftd-swiftui";
		};
/* End XCLocalSwiftPackageReference section */

/* Begin XCSwiftPackageProductDependency section */
		A7C099242BE1C353006988A3 /* CraftDSwiftUI */ = {
			isa = XCSwiftPackageProductDependency;
			package = 5BFC1CC12BD9CBD9004BF31C /* XCLocalSwiftPackageReference "../craftd-swiftui" */;
			productName = CraftDSwiftUI;
		};
/* End XCSwiftPackageProductDependency section */
	};
	rootObject = 5C0DC3652BD9C7B20077FCC7 /* Project object */;
}
